
Microsoft Visual Studio Solution File, Format Version 12.00
# Visual Studio Version 17
VisualStudioVersion = 17.2.32616.157
MinimumVisualStudioVersion = 10.0.40219.1
Project("{FAE04EC0-301F-11D3-BF4B-00C04F79EFBC}") = "ExperimentWithControls", "ExperimentWithControls.csproj", "{6AF6AD5E-AAC5-4092-B792-8A53DC196879}"
EndProject
Global
	GlobalSection(SolutionConfigurationPlatforms) = preSolution
		Debug|Any CPU = Debug|Any CPU
		Release|Any CPU = Release|Any CPU
	EndGlobalSection
	GlobalSection(ProjectConfigurationPlatforms) = postSolution
		{6AF6AD5E-AAC5-4092-B792-8A53DC196879}.Debug|Any CPU.ActiveCfg = Debug|Any CPU
		{6AF6AD5E-AAC5-4092-B792-8A53DC196879}.Debug|Any CPU.Build.0 = Debug|Any CPU
		{6AF6AD5E-AAC5-4092-B792-8A53DC196879}.Release|Any CPU.ActiveCfg = Release|Any CPU
		{6AF6AD5E-AAC5-4092-B792-8A53DC196879}.Release|Any CPU.Build.0 = Release|Any CPU
	EndGlobalSection
	GlobalSection(SolutionProperties) = preSolution
		HideSolutionNode = FALSE
	EndGlobalSection
	GlobalSection(ExtensibilityGlobals) = postSolution
		SolutionGuid = {B7B18811-4C89-454D-B6A4-D363775A3501}
	EndGlobalSection
EndGlobal
